
Microsoft Visual Studio Solution File, Format Version 12.00
# Visual Studio Version 17
VisualStudioVersion = 17.0.31903.59
MinimumVisualStudioVersion = 10.0.40219.1
Project("{2150E333-8FDC-42A3-9474-1A3956D46DE8}") = "Plugins", "Plugins", "{1465D3C7-A595-4C9F-8BC9-4D1F6BA3D9F9}"
EndProject
Project("{2150E333-8FDC-42A3-9474-1A3956D46DE8}") = "Common", "Common", "{D995264B-D225-4E84-8A2C-37C293855B6A}"
EndProject
Project("{2150E333-8FDC-42A3-9474-1A3956D46DE8}") = "Applications", "Applications", "{60DE8E86-1691-484A-AFDE-11D4FE15FC8B}"
EndProject
Project("{2150E333-8FDC-42A3-9474-1A3956D46DE8}") = "Macros", "Macros", "{EA982A1C-EBD7-4765-AC2C-0E5FCD4F7E9F}"
EndProject
Project("{FAE04EC0-301F-11D3-BF4B-00C04F79EFBC}") = "WPFFirstApp", "Applications\WPFFirstApp\WPFFirstApp.csproj", "{F4E9F97B-027B-4BB8-9AD8-769C251C0C1C}"
EndProject
Project("{FAE04EC0-301F-11D3-BF4B-00C04F79EFBC}") = "MVVMHelper", "Common\MVVMHelper\MVVMHelper.csproj", "{E01BC98F-B320-4798-87A3-73B901AE5381}"
EndProject
Project("{FAE04EC0-301F-11D3-BF4B-00C04F79EFBC}") = "WPFFirstPlugin", "WPFFirstPlugin\WPFFirstPlugin.csproj", "{74F9D992-8A4F-4AF1-8CB3-0F874BE9A274}"
EndProject
Project("{2150E333-8FDC-42A3-9474-1A3956D46DE8}") = "StartUpFiles", "StartUpFiles", "{6FD519D4-9B06-43A0-B1FE-1260AD9DE20E}"
	ProjectSection(SolutionItems) = preProject
		WriteAttributesFromAssembliesInDrawings.cs = WriteAttributesFromAssembliesInDrawings.cs
	EndProjectSection
EndProject
Global
	GlobalSection(SolutionConfigurationPlatforms) = preSolution
		Debug|Any CPU = Debug|Any CPU
		Release|Any CPU = Release|Any CPU
	EndGlobalSection
	GlobalSection(ProjectConfigurationPlatforms) = postSolution
		{F4E9F97B-027B-4BB8-9AD8-769C251C0C1C}.Debug|Any CPU.ActiveCfg = Debug|Any CPU
		{F4E9F97B-027B-4BB8-9AD8-769C251C0C1C}.Debug|Any CPU.Build.0 = Debug|Any CPU
		{F4E9F97B-027B-4BB8-9AD8-769C251C0C1C}.Release|Any CPU.ActiveCfg = Release|Any CPU
		{F4E9F97B-027B-4BB8-9AD8-769C251C0C1C}.Release|Any CPU.Build.0 = Release|Any CPU
		{E01BC98F-B320-4798-87A3-73B901AE5381}.Debug|Any CPU.ActiveCfg = Debug|Any CPU
		{E01BC98F-B320-4798-87A3-73B901AE5381}.Debug|Any CPU.Build.0 = Debug|Any CPU
		{E01BC98F-B320-4798-87A3-73B901AE5381}.Release|Any CPU.ActiveCfg = Release|Any CPU
		{E01BC98F-B320-4798-87A3-73B901AE5381}.Release|Any CPU.Build.0 = Release|Any CPU
		{74F9D992-8A4F-4AF1-8CB3-0F874BE9A274}.Debug|Any CPU.ActiveCfg = Debug|Any CPU
		{74F9D992-8A4F-4AF1-8CB3-0F874BE9A274}.Debug|Any CPU.Build.0 = Debug|Any CPU
		{74F9D992-8A4F-4AF1-8CB3-0F874BE9A274}.Release|Any CPU.ActiveCfg = Release|Any CPU
		{74F9D992-8A4F-4AF1-8CB3-0F874BE9A274}.Release|Any CPU.Build.0 = Release|Any CPU
	EndGlobalSection
	GlobalSection(SolutionProperties) = preSolution
		HideSolutionNode = FALSE
	EndGlobalSection
	GlobalSection(NestedProjects) = preSolution
		{F4E9F97B-027B-4BB8-9AD8-769C251C0C1C} = {60DE8E86-1691-484A-AFDE-11D4FE15FC8B}
		{E01BC98F-B320-4798-87A3-73B901AE5381} = {D995264B-D225-4E84-8A2C-37C293855B6A}
		{74F9D992-8A4F-4AF1-8CB3-0F874BE9A274} = {1465D3C7-A595-4C9F-8BC9-4D1F6BA3D9F9}
		{6FD519D4-9B06-43A0-B1FE-1260AD9DE20E} = {EA982A1C-EBD7-4765-AC2C-0E5FCD4F7E9F}
	EndGlobalSection
	GlobalSection(ExtensibilityGlobals) = postSolution
		SolutionGuid = {664761C1-2324-49A8-8ED5-8D4DCB06D669}
	EndGlobalSection
EndGlobal
